# This file is automatically @generated by Cargo.
# It is not intended for manual editing.
version = 3

[[package]]
name = "udiscovery"
version = "0.1.0"

[[package]]
name = "ustreamer"
version = "0.1.0"

[[package]]
name = "usubscription"
version = "0.1.0"

[[package]]
name = "utwin"
version = "0.1.0"
